
Microsoft Visual Studio Solution File, Format Version 11.00
# Visual Studio 2010
Project("{FAE04EC0-301F-11D3-BF4B-00C04F79EFBC}") = "Carubbi.PackageTracker.UI", "Carubbi.PackageTracker.UI\Carubbi.PackageTracker.UI.csproj", "{7FD5E412-85CA-4330-9B20-918F9B8D2971}"
EndProject
Project("{FAE04EC0-301F-11D3-BF4B-00C04F79EFBC}") = "Carubbi.PackageTracker.BLL", "Carubbi.PackageTracker.BLL\Carubbi.PackageTracker.BLL.csproj", "{2397A622-680C-40AC-955A-4E661736551E}"
EndProject
Global
	GlobalSection(SolutionConfigurationPlatforms) = preSolution
		Debug|Any CPU = Debug|Any CPU
		Release|Any CPU = Release|Any CPU
	EndGlobalSection
	GlobalSection(ProjectConfigurationPlatforms) = postSolution
		{7FD5E412-85CA-4330-9B20-918F9B8D2971}.Debug|Any CPU.ActiveCfg = Debug|Any CPU
		{7FD5E412-85CA-4330-9B20-918F9B8D2971}.Debug|Any CPU.Build.0 = Debug|Any CPU
		{7FD5E412-85CA-4330-9B20-918F9B8D2971}.Release|Any CPU.ActiveCfg = Release|Any CPU
		{7FD5E412-85CA-4330-9B20-918F9B8D2971}.Release|Any CPU.Build.0 = Release|Any CPU
		{2397A622-680C-40AC-955A-4E661736551E}.Debug|Any CPU.ActiveCfg = Debug|Any CPU
		{2397A622-680C-40AC-955A-4E661736551E}.Debug|Any CPU.Build.0 = Debug|Any CPU
		{2397A622-680C-40AC-955A-4E661736551E}.Release|Any CPU.ActiveCfg = Release|Any CPU
		{2397A622-680C-40AC-955A-4E661736551E}.Release|Any CPU.Build.0 = Release|Any CPU
	EndGlobalSection
	GlobalSection(SolutionProperties) = preSolution
		HideSolutionNode = FALSE
	EndGlobalSection
EndGlobal
